
Microsoft Visual Studio Solution File, Format Version 12.00
# Visual Studio Version 17
VisualStudioVersion = 17.6.33723.286
MinimumVisualStudioVersion = 10.0.40219.1
Project("{FAE04EC0-301F-11D3-BF4B-00C04F79EFBC}") = "OnioSA.Sales.API", "OnioSA.Sales.API\OnioSA.Sales.API.csproj", "{3076BF0E-B03A-429A-8D61-CFBF86F4F9F1}"
EndProject
Global
	GlobalSection(SolutionConfigurationPlatforms) = preSolution
		Debug|Any CPU = Debug|Any CPU
		Release|Any CPU = Release|Any CPU
	EndGlobalSection
	GlobalSection(ProjectConfigurationPlatforms) = postSolution
		{3076BF0E-B03A-429A-8D61-CFBF86F4F9F1}.Debug|Any CPU.ActiveCfg = Debug|Any CPU
		{3076BF0E-B03A-429A-8D61-CFBF86F4F9F1}.Debug|Any CPU.Build.0 = Debug|Any CPU
		{3076BF0E-B03A-429A-8D61-CFBF86F4F9F1}.Release|Any CPU.ActiveCfg = Release|Any CPU
		{3076BF0E-B03A-429A-8D61-CFBF86F4F9F1}.Release|Any CPU.Build.0 = Release|Any CPU
	EndGlobalSection
	GlobalSection(SolutionProperties) = preSolution
		HideSolutionNode = FALSE
	EndGlobalSection
	GlobalSection(ExtensibilityGlobals) = postSolution
		SolutionGuid = {F8A636D3-79D9-4D43-BCA6-207C680C7AAD}
	EndGlobalSection
EndGlobal
